PODS:
  - FlutterMacOS (1.0.0)
  - sfsymbols (0.0.1):
    - FlutterMacOS

DEPENDENCIES:
  - FlutterMacOS (from `Flutter/ephemeral`)
  - sfsymbols (from `Flutter/ephemeral/.symlinks/plugins/sfsymbols/macos`)

EXTERNAL SOURCES:
  FlutterMacOS:
    :path: Flutter/ephemeral
  sfsymbols:
    :path: Flutter/ephemeral/.symlinks/plugins/sfsymbols/macos

SPEC CHECKSUMS:
  FlutterMacOS: 57701585bf7de1b3fc2bb61f6378d73bbdea8424
  sfsymbols: 9bf06634d45e9e5e657f9b530c52b44550a60689

PODFILE CHECKSUM: 505596d150d38022472859d890f709281982e016

COCOAPODS: 1.11.2
